
Microsoft Visual Studio Solution File, Format Version 12.00
# Visual Studio 2012
Project("{FAE04EC0-301F-11D3-BF4B-00C04F79EFBC}") = "PMGSY", "PMGSY.csproj", "{094921C5-D97B-4D5F-984E-E2240817D3CC}"
EndProject
Global
	GlobalSection(SolutionConfigurationPlatforms) = preSolution
		Debug|Any CPU = Debug|Any CPU
		Release|Any CPU = Release|Any CPU
	EndGlobalSection
	GlobalSection(ProjectConfigurationPlatforms) = postSolution
		{094921C5-D97B-4D5F-984E-E2240817D3CC}.Debug|Any CPU.ActiveCfg = Debug|Any CPU
		{094921C5-D97B-4D5F-984E-E2240817D3CC}.Debug|Any CPU.Build.0 = Debug|Any CPU
		{094921C5-D97B-4D5F-984E-E2240817D3CC}.Release|Any CPU.ActiveCfg = Release|Any CPU
		{094921C5-D97B-4D5F-984E-E2240817D3CC}.Release|Any CPU.Build.0 = Release|Any CPU
	EndGlobalSection
	GlobalSection(SolutionProperties) = preSolution
		HideSolutionNode = FALSE
	EndGlobalSection
EndGlobal
